
Microsoft Visual Studio Solution File, Format Version 12.00
# Visual Studio 14
VisualStudioVersion = 14.0.25123.0
MinimumVisualStudioVersion = 10.0.40219.1
Project("{2150E333-8FDC-42A3-9474-1A3956D46DE8}") = "src", "src", "{015C17E8-9ED5-42DD-A079-8FAE83559362}"
EndProject
Project("{2150E333-8FDC-42A3-9474-1A3956D46DE8}") = "Solution Items", "Solution Items", "{9803154B-EA3C-4D52-8CCF-E949AEF2F3EB}"
	ProjectSection(SolutionItems) = preProject
		global.json = global.json
	EndProjectSection
EndProject
Project("{8BB2217D-0F2D-49D1-97BC-3654ED321F3B}") = "ApiBatchingDemo", "src\ApiBatchingDemo\ApiBatchingDemo.xproj", "{92CB1CF5-444D-4369-97A7-3C753B6E497E}"
EndProject
Global
	GlobalSection(SolutionConfigurationPlatforms) = preSolution
		Debug|Any CPU = Debug|Any CPU
		Release|Any CPU = Release|Any CPU
	EndGlobalSection
	GlobalSection(ProjectConfigurationPlatforms) = postSolution
		{92CB1CF5-444D-4369-97A7-3C753B6E497E}.Debug|Any CPU.ActiveCfg = Debug|Any CPU
		{92CB1CF5-444D-4369-97A7-3C753B6E497E}.Debug|Any CPU.Build.0 = Debug|Any CPU
		{92CB1CF5-444D-4369-97A7-3C753B6E497E}.Release|Any CPU.ActiveCfg = Release|Any CPU
		{92CB1CF5-444D-4369-97A7-3C753B6E497E}.Release|Any CPU.Build.0 = Release|Any CPU
	EndGlobalSection
	GlobalSection(SolutionProperties) = preSolution
		HideSolutionNode = FALSE
	EndGlobalSection
	GlobalSection(NestedProjects) = preSolution
		{92CB1CF5-444D-4369-97A7-3C753B6E497E} = {015C17E8-9ED5-42DD-A079-8FAE83559362}
	EndGlobalSection
EndGlobal
