
Microsoft Visual Studio Solution File, Format Version 12.00
# Visual Studio 14
VisualStudioVersion = 14.0.25123.0
MinimumVisualStudioVersion = 10.0.40219.1
Project("{2150E333-8FDC-42A3-9474-1A3956D46DE8}") = "src", "src", "{A408F747-55E1-4362-8119-D11B45767917}"
EndProject
Project("{2150E333-8FDC-42A3-9474-1A3956D46DE8}") = "Solution Items", "Solution Items", "{7C4DF95E-60AF-406E-9128-BCF4AB30073B}"
	ProjectSection(SolutionItems) = preProject
		global.json = global.json
	EndProjectSection
EndProject
Project("{8BB2217D-0F2D-49D1-97BC-3654ED321F3B}") = "ParallelBenchmarking", "src\ParallelBenchmarking\ParallelBenchmarking.xproj", "{22624A7F-E5A2-459B-A96D-B20E986A9954}"
EndProject
Global
	GlobalSection(SolutionConfigurationPlatforms) = preSolution
		Debug|Any CPU = Debug|Any CPU
		Release|Any CPU = Release|Any CPU
	EndGlobalSection
	GlobalSection(ProjectConfigurationPlatforms) = postSolution
		{22624A7F-E5A2-459B-A96D-B20E986A9954}.Debug|Any CPU.ActiveCfg = Debug|Any CPU
		{22624A7F-E5A2-459B-A96D-B20E986A9954}.Debug|Any CPU.Build.0 = Debug|Any CPU
		{22624A7F-E5A2-459B-A96D-B20E986A9954}.Release|Any CPU.ActiveCfg = Release|Any CPU
		{22624A7F-E5A2-459B-A96D-B20E986A9954}.Release|Any CPU.Build.0 = Release|Any CPU
	EndGlobalSection
	GlobalSection(SolutionProperties) = preSolution
		HideSolutionNode = FALSE
	EndGlobalSection
	GlobalSection(NestedProjects) = preSolution
		{22624A7F-E5A2-459B-A96D-B20E986A9954} = {A408F747-55E1-4362-8119-D11B45767917}
	EndGlobalSection
EndGlobal
